
Microsoft Visual Studio Solution File, Format Version 12.00
# Visual Studio Version 17
VisualStudioVersion = 17.5.33414.496
MinimumVisualStudioVersion = 10.0.40219.1
Project("{FAE04EC0-301F-11D3-BF4B-00C04F79EFBC}") = "TrackerLibrary", "TrackerLibrary\TrackerLibrary.csproj", "{D57F8AC7-60DB-4E35-ABDD-60A2A994BB3F}"
EndProject
Project("{FAE04EC0-301F-11D3-BF4B-00C04F79EFBC}") = "TrackerUI", "TrackerUI\TrackerUI.csproj", "{2D28AD31-933F-426C-B738-CA1331F05000}"
EndProject
Global
	GlobalSection(SolutionConfigurationPlatforms) = preSolution
		Debug|Any CPU = Debug|Any CPU
		Release|Any CPU = Release|Any CPU
	EndGlobalSection
	GlobalSection(ProjectConfigurationPlatforms) = postSolution
		{D57F8AC7-60DB-4E35-ABDD-60A2A994BB3F}.Debug|Any CPU.ActiveCfg = Debug|Any CPU
		{D57F8AC7-60DB-4E35-ABDD-60A2A994BB3F}.Debug|Any CPU.Build.0 = Debug|Any CPU
		{D57F8AC7-60DB-4E35-ABDD-60A2A994BB3F}.Release|Any CPU.ActiveCfg = Release|Any CPU
		{D57F8AC7-60DB-4E35-ABDD-60A2A994BB3F}.Release|Any CPU.Build.0 = Release|Any CPU
		{2D28AD31-933F-426C-B738-CA1331F05000}.Debug|Any CPU.ActiveCfg = Debug|Any CPU
		{2D28AD31-933F-426C-B738-CA1331F05000}.Debug|Any CPU.Build.0 = Debug|Any CPU
		{2D28AD31-933F-426C-B738-CA1331F05000}.Release|Any CPU.ActiveCfg = Release|Any CPU
		{2D28AD31-933F-426C-B738-CA1331F05000}.Release|Any CPU.Build.0 = Release|Any CPU
	EndGlobalSection
	GlobalSection(SolutionProperties) = preSolution
		HideSolutionNode = FALSE
	EndGlobalSection
	GlobalSection(ExtensibilityGlobals) = postSolution
		SolutionGuid = {110C9CE7-D6F2-4836-BEDF-991473E88E97}
	EndGlobalSection
EndGlobal
